
Microsoft Visual Studio Solution File, Format Version 12.00
# Visual Studio 2013
VisualStudioVersion = 12.0.21005.1
MinimumVisualStudioVersion = 10.0.40219.1
Project("{E24C65DC-7377-472B-9ABA-BC803B73C61A}") = "MasterProject-Dev(1)", "http://localhost:51305", "{6B04164F-F02B-49E7-A886-52BB9FAFC337}"
	ProjectSection(WebsiteProperties) = preProject
		UseIISExpress = "true"
		TargetFrameworkMoniker = ".NETFramework,Version%3Dv4.0"
		Debug.AspNetCompiler.VirtualPath = "/localhost_51305"
		Debug.AspNetCompiler.PhysicalPath = "..\..\..\VisualStudio2010\WebSites\MasterProject-Dev\"
		Debug.AspNetCompiler.TargetPath = "PrecompiledWeb\localhost_51305\"
		Debug.AspNetCompiler.Updateable = "true"
		Debug.AspNetCompiler.ForceOverwrite = "true"
		Debug.AspNetCompiler.FixedNames = "false"
		Debug.AspNetCompiler.Debug = "True"
		Release.AspNetCompiler.VirtualPath = "/localhost_51305"
		Release.AspNetCompiler.PhysicalPath = "..\..\..\VisualStudio2010\WebSites\MasterProject-Dev\"
		Release.AspNetCompiler.TargetPath = "PrecompiledWeb\localhost_51305\"
		Release.AspNetCompiler.Updateable = "true"
		Release.AspNetCompiler.ForceOverwrite = "true"
		Release.AspNetCompiler.FixedNames = "false"
		Release.AspNetCompiler.Debug = "False"
		SlnRelativePath = "..\..\..\VisualStudio2010\WebSites\MasterProject-Dev\"
	EndProjectSection
EndProject
Global
	GlobalSection(SolutionConfigurationPlatforms) = preSolution
		Debug|Any CPU = Debug|Any CPU
	EndGlobalSection
	GlobalSection(ProjectConfigurationPlatforms) = postSolution
		{6B04164F-F02B-49E7-A886-52BB9FAFC337}.Debug|Any CPU.ActiveCfg = Debug|Any CPU
		{6B04164F-F02B-49E7-A886-52BB9FAFC337}.Debug|Any CPU.Build.0 = Debug|Any CPU
	EndGlobalSection
	GlobalSection(SolutionProperties) = preSolution
		HideSolutionNode = FALSE
	EndGlobalSection
EndGlobal
